
Microsoft Visual Studio Solution File, Format Version 12.00
# Visual Studio Version 17
VisualStudioVersion = 17.12.35707.178 d17.12
MinimumVisualStudioVersion = 10.0.40219.1
Project("{FAE04EC0-301F-11D3-BF4B-00C04F79EFBC}") = "MiPrimeraAppMVC", "MiPrimeraAppMVC\MiPrimeraAppMVC.csproj", "{F4DAE7DE-349F-4B5F-AC18-4960C6930EA9}"
EndProject
Project("{FAE04EC0-301F-11D3-BF4B-00C04F79EFBC}") = "CapaEntidad", "CapaEntidad\CapaEntidad.csproj", "{8A42B449-AEAB-46F9-B180-8A87FAD0CB15}"
EndProject
Project("{FAE04EC0-301F-11D3-BF4B-00C04F79EFBC}") = "CapaDatos", "CapaDatos\CapaDatos.csproj", "{C5C3A1FE-C85A-4339-B47B-CB029E26EDD2}"
EndProject
Project("{FAE04EC0-301F-11D3-BF4B-00C04F79EFBC}") = "CapaNegocios", "CapaNegocios\CapaNegocios.csproj", "{857F0D62-515D-4589-8191-F073B3693564}"
EndProject
Global
	GlobalSection(SolutionConfigurationPlatforms) = preSolution
		Debug|Any CPU = Debug|Any CPU
		Release|Any CPU = Release|Any CPU
	EndGlobalSection
	GlobalSection(ProjectConfigurationPlatforms) = postSolution
		{F4DAE7DE-349F-4B5F-AC18-4960C6930EA9}.Debug|Any CPU.ActiveCfg = Debug|Any CPU
		{F4DAE7DE-349F-4B5F-AC18-4960C6930EA9}.Debug|Any CPU.Build.0 = Debug|Any CPU
		{F4DAE7DE-349F-4B5F-AC18-4960C6930EA9}.Release|Any CPU.ActiveCfg = Release|Any CPU
		{F4DAE7DE-349F-4B5F-AC18-4960C6930EA9}.Release|Any CPU.Build.0 = Release|Any CPU
		{8A42B449-AEAB-46F9-B180-8A87FAD0CB15}.Debug|Any CPU.ActiveCfg = Debug|Any CPU
		{8A42B449-AEAB-46F9-B180-8A87FAD0CB15}.Debug|Any CPU.Build.0 = Debug|Any CPU
		{8A42B449-AEAB-46F9-B180-8A87FAD0CB15}.Release|Any CPU.ActiveCfg = Release|Any CPU
		{8A42B449-AEAB-46F9-B180-8A87FAD0CB15}.Release|Any CPU.Build.0 = Release|Any CPU
		{C5C3A1FE-C85A-4339-B47B-CB029E26EDD2}.Debug|Any CPU.ActiveCfg = Debug|Any CPU
		{C5C3A1FE-C85A-4339-B47B-CB029E26EDD2}.Debug|Any CPU.Build.0 = Debug|Any CPU
		{C5C3A1FE-C85A-4339-B47B-CB029E26EDD2}.Release|Any CPU.ActiveCfg = Release|Any CPU
		{C5C3A1FE-C85A-4339-B47B-CB029E26EDD2}.Release|Any CPU.Build.0 = Release|Any CPU
		{857F0D62-515D-4589-8191-F073B3693564}.Debug|Any CPU.ActiveCfg = Debug|Any CPU
		{857F0D62-515D-4589-8191-F073B3693564}.Debug|Any CPU.Build.0 = Debug|Any CPU
		{857F0D62-515D-4589-8191-F073B3693564}.Release|Any CPU.ActiveCfg = Release|Any CPU
		{857F0D62-515D-4589-8191-F073B3693564}.Release|Any CPU.Build.0 = Release|Any CPU
	EndGlobalSection
	GlobalSection(SolutionProperties) = preSolution
		HideSolutionNode = FALSE
	EndGlobalSection
EndGlobal
